
Microsoft Visual Studio Solution File, Format Version 12.00
# Visual Studio Version 17
VisualStudioVersion = 17.5.2.0
MinimumVisualStudioVersion = 10.0.40219.1
Project("{FAE04EC0-301F-11D3-BF4B-00C04F79EFBC}") = "DashboardTrilhasEsporte", "DashboardTrilhasEsporte.csproj", "{91B552E8-A71F-85FC-6F24-9A97C58D7AE1}"
EndProject
Project("{FAE04EC0-301F-11D3-BF4B-00C04F79EFBC}") = "DashboardTrilhaEsporte", "..\DashboardTrilhaEsporte\DashboardTrilhaEsporte.csproj", "{9EC81C15-70C5-49FC-9067-F48D12249C1A}"
EndProject
Global
	GlobalSection(SolutionConfigurationPlatforms) = preSolution
		Debug|Any CPU = Debug|Any CPU
		Debug|x64 = Debug|x64
		Debug|x86 = Debug|x86
		Release|Any CPU = Release|Any CPU
		Release|x64 = Release|x64
		Release|x86 = Release|x86
	EndGlobalSection
	GlobalSection(ProjectConfigurationPlatforms) = postSolution
		{91B552E8-A71F-85FC-6F24-9A97C58D7AE1}.Debug|Any CPU.ActiveCfg = Debug|Any CPU
		{91B552E8-A71F-85FC-6F24-9A97C58D7AE1}.Debug|Any CPU.Build.0 = Debug|Any CPU
		{91B552E8-A71F-85FC-6F24-9A97C58D7AE1}.Debug|x64.ActiveCfg = Debug|Any CPU
		{91B552E8-A71F-85FC-6F24-9A97C58D7AE1}.Debug|x64.Build.0 = Debug|Any CPU
		{91B552E8-A71F-85FC-6F24-9A97C58D7AE1}.Debug|x86.ActiveCfg = Debug|Any CPU
		{91B552E8-A71F-85FC-6F24-9A97C58D7AE1}.Debug|x86.Build.0 = Debug|Any CPU
		{91B552E8-A71F-85FC-6F24-9A97C58D7AE1}.Release|Any CPU.ActiveCfg = Release|Any CPU
		{91B552E8-A71F-85FC-6F24-9A97C58D7AE1}.Release|Any CPU.Build.0 = Release|Any CPU
		{91B552E8-A71F-85FC-6F24-9A97C58D7AE1}.Release|x64.ActiveCfg = Release|Any CPU
		{91B552E8-A71F-85FC-6F24-9A97C58D7AE1}.Release|x64.Build.0 = Release|Any CPU
		{91B552E8-A71F-85FC-6F24-9A97C58D7AE1}.Release|x86.ActiveCfg = Release|Any CPU
		{91B552E8-A71F-85FC-6F24-9A97C58D7AE1}.Release|x86.Build.0 = Release|Any CPU
		{9EC81C15-70C5-49FC-9067-F48D12249C1A}.Debug|Any CPU.ActiveCfg = Debug|Any CPU
		{9EC81C15-70C5-49FC-9067-F48D12249C1A}.Debug|Any CPU.Build.0 = Debug|Any CPU
		{9EC81C15-70C5-49FC-9067-F48D12249C1A}.Debug|x64.ActiveCfg = Debug|Any CPU
		{9EC81C15-70C5-49FC-9067-F48D12249C1A}.Debug|x64.Build.0 = Debug|Any CPU
		{9EC81C15-70C5-49FC-9067-F48D12249C1A}.Debug|x86.ActiveCfg = Debug|Any CPU
		{9EC81C15-70C5-49FC-9067-F48D12249C1A}.Debug|x86.Build.0 = Debug|Any CPU
		{9EC81C15-70C5-49FC-9067-F48D12249C1A}.Release|Any CPU.ActiveCfg = Release|Any CPU
		{9EC81C15-70C5-49FC-9067-F48D12249C1A}.Release|Any CPU.Build.0 = Release|Any CPU
		{9EC81C15-70C5-49FC-9067-F48D12249C1A}.Release|x64.ActiveCfg = Release|Any CPU
		{9EC81C15-70C5-49FC-9067-F48D12249C1A}.Release|x64.Build.0 = Release|Any CPU
		{9EC81C15-70C5-49FC-9067-F48D12249C1A}.Release|x86.ActiveCfg = Release|Any CPU
		{9EC81C15-70C5-49FC-9067-F48D12249C1A}.Release|x86.Build.0 = Release|Any CPU
	EndGlobalSection
	GlobalSection(SolutionProperties) = preSolution
		HideSolutionNode = FALSE
	EndGlobalSection
	GlobalSection(ExtensibilityGlobals) = postSolution
		SolutionGuid = {234BEC27-A9BE-4958-B90D-38B228697F57}
	EndGlobalSection
EndGlobal
